
Microsoft Visual Studio Solution File, Format Version 12.00
# Visual Studio 15
VisualStudioVersion = 15.0.27703.2035
MinimumVisualStudioVersion = 10.0.40219.1
Project("{FAE04EC0-301F-11D3-BF4B-00C04F79EFBC}") = "WebApplication1", "WebApplication1\WebApplication1.csproj", "{1B11EEB8-A5DF-4CC6-8DC2-E7FF7C547595}"
EndProject
Project("{FAE04EC0-301F-11D3-BF4B-00C04F79EFBC}") = "UnitTestProject1", "UnitTestProject1\UnitTestProject1.csproj", "{CF262A60-3370-4F84-881C-053F4CAEBF31}"
EndProject
Global
	GlobalSection(SolutionConfigurationPlatforms) = preSolution
		Debug|Any CPU = Debug|Any CPU
		Release|Any CPU = Release|Any CPU
	EndGlobalSection
	GlobalSection(ProjectConfigurationPlatforms) = postSolution
		{1B11EEB8-A5DF-4CC6-8DC2-E7FF7C547595}.Debug|Any CPU.ActiveCfg = Debug|Any CPU
		{1B11EEB8-A5DF-4CC6-8DC2-E7FF7C547595}.Debug|Any CPU.Build.0 = Debug|Any CPU
		{1B11EEB8-A5DF-4CC6-8DC2-E7FF7C547595}.Release|Any CPU.ActiveCfg = Release|Any CPU
		{1B11EEB8-A5DF-4CC6-8DC2-E7FF7C547595}.Release|Any CPU.Build.0 = Release|Any CPU
		{CF262A60-3370-4F84-881C-053F4CAEBF31}.Debug|Any CPU.ActiveCfg = Debug|Any CPU
		{CF262A60-3370-4F84-881C-053F4CAEBF31}.Debug|Any CPU.Build.0 = Debug|Any CPU
		{CF262A60-3370-4F84-881C-053F4CAEBF31}.Release|Any CPU.ActiveCfg = Release|Any CPU
		{CF262A60-3370-4F84-881C-053F4CAEBF31}.Release|Any CPU.Build.0 = Release|Any CPU
	EndGlobalSection
	GlobalSection(SolutionProperties) = preSolution
		HideSolutionNode = FALSE
	EndGlobalSection
	GlobalSection(ExtensibilityGlobals) = postSolution
		SolutionGuid = {41534083-D809-440A-9064-A4413CAFD596}
	EndGlobalSection
EndGlobal
